PODS:
  - Capacitor (1.3.0):
    - CapacitorCordova (= 1.3.0)
  - CapacitorCordova (1.3.0)
  - CordovaPlugins (1.3.0):
    - CapacitorCordova

DEPENDENCIES:
  - "Capacitor (from `../../node_modules/@capacitor/ios`)"
  - "CapacitorCordova (from `../../node_modules/@capacitor/ios`)"
  - CordovaPlugins (from `../capacitor-cordova-ios-plugins`)

EXTERNAL SOURCES:
  Capacitor:
    :path: "../../node_modules/@capacitor/ios"
  CapacitorCordova:
    :path: "../../node_modules/@capacitor/ios"
  CordovaPlugins:
    :path: "../capacitor-cordova-ios-plugins"

SPEC CHECKSUMS:
  Capacitor: 8be26c1099c8fb157a4eee9feaa6aa05e466d272
  CapacitorCordova: 8aeaad82ad344af66b02f4660dcf544eec79face
  CordovaPlugins: 27dade7448631e2185099df036694712a3551dec

PODFILE CHECKSUM: 31d8a428413f290e2361b7d3a4bdaa17497bf723

COCOAPODS: 1.8.3
