PODS:
  - Capacitor (1.5.2):
    - CapacitorCordova (= 1.5.2)
  - CapacitorCordova (1.5.2)
  - CordovaPlugins (1.5.2):
    - CapacitorCordova

DEPENDENCIES:
  - "Capacitor (from `../../node_modules/@capacitor/ios`)"
  - "CapacitorCordova (from `../../node_modules/@capacitor/ios`)"
  - CordovaPlugins (from `../capacitor-cordova-ios-plugins`)

EXTERNAL SOURCES:
  Capacitor:
    :path: "../../node_modules/@capacitor/ios"
  CapacitorCordova:
    :path: "../../node_modules/@capacitor/ios"
  CordovaPlugins:
    :path: "../capacitor-cordova-ios-plugins"

SPEC CHECKSUMS:
  Capacitor: 766f325ada7f069fffd14ab8b2e9a13deb171930
  CapacitorCordova: a1b20704e399e5ca751e48a800309d09cc3a39b4
  CordovaPlugins: 08d38e4c3e1c711bba13804d74d69b33699817fc

PODFILE CHECKSUM: 31d8a428413f290e2361b7d3a4bdaa17497bf723

COCOAPODS: 1.8.3
